
Microsoft Visual Studio Solution File, Format Version 12.00
# Visual Studio Version 17
VisualStudioVersion = 17.7.34009.444
MinimumVisualStudioVersion = 10.0.40219.1
Project("{FAE04EC0-301F-11D3-BF4B-00C04F79EFBC}") = "CLASE01", "CLASE01\CLASE01.csproj", "{E97237B4-6962-44BE-8C8A-F1E45414E80E}"
EndProject
Global
	GlobalSection(SolutionConfigurationPlatforms) = preSolution
		Debug|Any CPU = Debug|Any CPU
		Release|Any CPU = Release|Any CPU
	EndGlobalSection
	GlobalSection(ProjectConfigurationPlatforms) = postSolution
		{E97237B4-6962-44BE-8C8A-F1E45414E80E}.Debug|Any CPU.ActiveCfg = Debug|Any CPU
		{E97237B4-6962-44BE-8C8A-F1E45414E80E}.Debug|Any CPU.Build.0 = Debug|Any CPU
		{E97237B4-6962-44BE-8C8A-F1E45414E80E}.Release|Any CPU.ActiveCfg = Release|Any CPU
		{E97237B4-6962-44BE-8C8A-F1E45414E80E}.Release|Any CPU.Build.0 = Release|Any CPU
	EndGlobalSection
	GlobalSection(SolutionProperties) = preSolution
		HideSolutionNode = FALSE
	EndGlobalSection
	GlobalSection(ExtensibilityGlobals) = postSolution
		SolutionGuid = {F658D340-C5FD-4C7D-A5C4-7CF0E5EAA54C}
	EndGlobalSection
EndGlobal
